// !$*UTF8*$!
{
	archiveVersion = 1;
	classes = {
	};
	objectVersion = 56;
	objects = {

/* Begin PBXBuildFile section */
		492CD30E2AD5091200F4743D /* BottomSheet in Frameworks */ = {isa = PBXBuildFile; productRef = 492CD30D2AD5091200F4743D /* BottomSheet */; };
		49A1CC8F2A177BAB002F992B /* SwiftProtobuf in Frameworks */ = {isa = PBXBuildFile; productRef = 49A1CC8E2A177BAB002F992B /* SwiftProtobuf */; };
		49E2212B29A75669008DF366 /* nami_companionApp.swift in Sources */ = {isa = PBXBuildFile; fileRef = 49E2212A29A75669008DF366 /* nami_companionApp.swift */; };
		49E2212D29A75669008DF366 /* SessionCodeView.swift in Sources */ = {isa = PBXBuildFile; fileRef = 49E2212C29A75669008DF366 /* SessionCodeView.swift */; };
		49E2212F29A7566B008DF366 /* Assets.xcassets in Resources */ = {isa = PBXBuildFile; fileRef = 49E2212E29A7566B008DF366 /* Assets.xcassets */; };
		49E2213329A7566B008DF366 /* Preview Assets.xcassets in Resources */ = {isa = PBXBuildFile; fileRef = 49E2213229A7566B008DF366 /* Preview Assets.xcassets */; };
		49E2213D29A758CC008DF366 /* SessionCodeViewModel.swift in Sources */ = {isa = PBXBuildFile; fileRef = 49E2213C29A758CC008DF366 /* SessionCodeViewModel.swift */; };
		49E2213F29A75C80008DF366 /* RootRouter.swift in Sources */ = {isa = PBXBuildFile; fileRef = 49E2213E29A75C80008DF366 /* RootRouter.swift */; };
		49E2214529A776A1008DF366 /* PlaceDevicesListViewModel.swift in Sources */ = {isa = PBXBuildFile; fileRef = 49E2214429A776A1008DF366 /* PlaceDevicesListViewModel.swift */; };
		49E2214929A792AE008DF366 /* PlaceDevicesListView.swift in Sources */ = {isa = PBXBuildFile; fileRef = 49E2214829A792AE008DF366 /* PlaceDevicesListView.swift */; };
		49E2214B29A79C26008DF366 /* PairingManager.swift in Sources */ = {isa = PBXBuildFile; fileRef = 49E2214A29A79C26008DF366 /* PairingManager.swift */; };
		49E2214E29A7A332008DF366 /* ErrorPresentationViewModel.swift in Sources */ = {isa = PBXBuildFile; fileRef = 49E2214D29A7A332008DF366 /* ErrorPresentationViewModel.swift */; };
		49E2215029A7A563008DF366 /* ErrorPresentationView.swift in Sources */ = {isa = PBXBuildFile; fileRef = 49E2214F29A7A563008DF366 /* ErrorPresentationView.swift */; };
		49F55A7E2A26FB5B00C31902 /* ISO8601MsecDecoder in Frameworks */ = {isa = PBXBuildFile; productRef = 49F55A7D2A26FB5B00C31902 /* ISO8601MsecDecoder */; };
/* End PBXBuildFile section */

/* Begin PBXCopyFilesBuildPhase section */
		492CF30A2AAAF141006DE914 /* Embed Frameworks */ = {
			isa = PBXCopyFilesBuildPhase;
			buildActionMask = 2147483647;
			dstPath = "";
			dstSubfolderSpec = 10;
			files = (
			);
			name = "Embed Frameworks";
			runOnlyForDeploymentPostprocessing = 0;
		};
/* End PBXCopyFilesBuildPhase section */

/* Begin PBXFileReference section */
		49CE32832A162121005876D5 /* Readme.md */ = {isa = PBXFileReference; lastKnownFileType = net.daringfireball.markdown; path = Readme.md; sourceTree = "<group>"; };
		49E2212729A75669008DF366 /* nami companion.app */ = {isa = PBXFileReference; explicitFileType = wrapper.application; includeInIndex = 0; path = "nami companion.app"; sourceTree = BUILT_PRODUCTS_DIR; };
		49E2212A29A75669008DF366 /* nami_companionApp.swift */ = {isa = PBXFileReference; lastKnownFileType = sourcecode.swift; path = nami_companionApp.swift; sourceTree = "<group>"; };
		49E2212C29A75669008DF366 /* SessionCodeView.swift */ = {isa = PBXFileReference; lastKnownFileType = sourcecode.swift; path = SessionCodeView.swift; sourceTree = "<group>"; };
		49E2212E29A7566B008DF366 /* Assets.xcassets */ = {isa = PBXFileReference; lastKnownFileType = folder.assetcatalog; path = Assets.xcassets; sourceTree = "<group>"; };
		49E2213029A7566B008DF366 /* nami_companion.entitlements */ = {isa = PBXFileReference; lastKnownFileType = text.plist.entitlements; path = nami_companion.entitlements; sourceTree = "<group>"; };
		49E2213229A7566B008DF366 /* Preview Assets.xcassets */ = {isa = PBXFileReference; lastKnownFileType = folder.assetcatalog; path = "Preview Assets.xcassets"; sourceTree = "<group>"; };
		49E2213C29A758CC008DF366 /* SessionCodeViewModel.swift */ = {isa = PBXFileReference; lastKnownFileType = sourcecode.swift; path = SessionCodeViewModel.swift; sourceTree = "<group>"; };
		49E2213E29A75C80008DF366 /* RootRouter.swift */ = {isa = PBXFileReference; lastKnownFileType = sourcecode.swift; path = RootRouter.swift; sourceTree = "<group>"; };
		49E2214429A776A1008DF366 /* PlaceDevicesListViewModel.swift */ = {isa = PBXFileReference; lastKnownFileType = sourcecode.swift; path = PlaceDevicesListViewModel.swift; sourceTree = "<group>"; };
		49E2214829A792AE008DF366 /* PlaceDevicesListView.swift */ = {isa = PBXFileReference; lastKnownFileType = sourcecode.swift; path = PlaceDevicesListView.swift; sourceTree = "<group>"; };
		49E2214A29A79C26008DF366 /* PairingManager.swift */ = {isa = PBXFileReference; lastKnownFileType = sourcecode.swift; path = PairingManager.swift; sourceTree = "<group>"; };
		49E2214D29A7A332008DF366 /* ErrorPresentationViewModel.swift */ = {isa = PBXFileReference; lastKnownFileType = sourcecode.swift; path = ErrorPresentationViewModel.swift; sourceTree = "<group>"; };
		49E2214F29A7A563008DF366 /* ErrorPresentationView.swift */ = {isa = PBXFileReference; lastKnownFileType = sourcecode.swift; path = ErrorPresentationView.swift; sourceTree = "<group>"; };
		49E2215129A7B14E008DF366 /* nami-companion-Info.plist */ = {isa = PBXFileReference; lastKnownFileType = text.plist; path = "nami-companion-Info.plist"; sourceTree = SOURCE_ROOT; };
/* End PBXFileReference section */

/* Begin PBXFrameworksBuildPhase section */
		49E2212429A75669008DF366 /* Frameworks */ = {
			isa = PBXFrameworksBuildPhase;
			buildActionMask = 2147483647;
			files = (
				492CD30E2AD5091200F4743D /* BottomSheet in Frameworks */,
				49F55A7E2A26FB5B00C31902 /* ISO8601MsecDecoder in Frameworks */,
				49A1CC8F2A177BAB002F992B /* SwiftProtobuf in Frameworks */,
			);
			runOnlyForDeploymentPostprocessing = 0;
		};
/* End PBXFrameworksBuildPhase section */

/* Begin PBXGroup section */
		49CE32722A14D9DB005876D5 /* Frameworks */ = {
			isa = PBXGroup;
			children = (
			);
			name = Frameworks;
			sourceTree = "<group>";
		};
		49E2211E29A75669008DF366 = {
			isa = PBXGroup;
			children = (
				49CE32832A162121005876D5 /* Readme.md */,
				49E2212929A75669008DF366 /* nami companion */,
				49E2212829A75669008DF366 /* Products */,
				49CE32722A14D9DB005876D5 /* Frameworks */,
			);
			sourceTree = "<group>";
		};
		49E2212829A75669008DF366 /* Products */ = {
			isa = PBXGroup;
			children = (
				49E2212729A75669008DF366 /* nami companion.app */,
			);
			name = Products;
			sourceTree = "<group>";
		};
		49E2212929A75669008DF366 /* nami companion */ = {
			isa = PBXGroup;
			children = (
				49E2215129A7B14E008DF366 /* nami-companion-Info.plist */,
				49E2212A29A75669008DF366 /* nami_companionApp.swift */,
				49E2214229A77667008DF366 /* SessionCode */,
				49E2214329A7767B008DF366 /* DevicesList */,
				49E2214C29A7A301008DF366 /* ErrorPresentation */,
				49E2213E29A75C80008DF366 /* RootRouter.swift */,
				49E2214A29A79C26008DF366 /* PairingManager.swift */,
				49E2212E29A7566B008DF366 /* Assets.xcassets */,
				49E2213029A7566B008DF366 /* nami_companion.entitlements */,
				49E2213129A7566B008DF366 /* Preview Content */,
			);
			path = "nami companion";
			sourceTree = "<group>";
		};
		49E2213129A7566B008DF366 /* Preview Content */ = {
			isa = PBXGroup;
			children = (
				49E2213229A7566B008DF366 /* Preview Assets.xcassets */,
			);
			path = "Preview Content";
			sourceTree = "<group>";
		};
		49E2214229A77667008DF366 /* SessionCode */ = {
			isa = PBXGroup;
			children = (
				49E2213C29A758CC008DF366 /* SessionCodeViewModel.swift */,
				49E2212C29A75669008DF366 /* SessionCodeView.swift */,
			);
			path = SessionCode;
			sourceTree = "<group>";
		};
		49E2214329A7767B008DF366 /* DevicesList */ = {
			isa = PBXGroup;
			children = (
				49E2214429A776A1008DF366 /* PlaceDevicesListViewModel.swift */,
				49E2214829A792AE008DF366 /* PlaceDevicesListView.swift */,
			);
			path = DevicesList;
			sourceTree = "<group>";
		};
		49E2214C29A7A301008DF366 /* ErrorPresentation */ = {
			isa = PBXGroup;
			children = (
				49E2214D29A7A332008DF366 /* ErrorPresentationViewModel.swift */,
				49E2214F29A7A563008DF366 /* ErrorPresentationView.swift */,
			);
			path = ErrorPresentation;
			sourceTree = "<group>";
		};
/* End PBXGroup section */

/* Begin PBXNativeTarget section */
		49E2212629A75669008DF366 /* nami companion */ = {
			isa = PBXNativeTarget;
			buildConfigurationList = 49E2213629A7566B008DF366 /* Build configuration list for PBXNativeTarget "nami companion" */;
			buildPhases = (
				49E2212329A75669008DF366 /* Sources */,
				49E2212429A75669008DF366 /* Frameworks */,
				49E2212529A75669008DF366 /* Resources */,
				492CF30A2AAAF141006DE914 /* Embed Frameworks */,
			);
			buildRules = (
			);
			dependencies = (
			);
			name = "nami companion";
			packageProductDependencies = (
				49A1CC8E2A177BAB002F992B /* SwiftProtobuf */,
				49F55A7D2A26FB5B00C31902 /* ISO8601MsecDecoder */,
				492CD30D2AD5091200F4743D /* BottomSheet */,
			);
			productName = "nami companion";
			productReference = 49E2212729A75669008DF366 /* nami companion.app */;
			productType = "com.apple.product-type.application";
		};
/* End PBXNativeTarget section */

/* Begin PBXProject section */
		49E2211F29A75669008DF366 /* Project object */ = {
			isa = PBXProject;
			attributes = {
				BuildIndependentTargetsInParallel = 1;
				LastSwiftUpdateCheck = 1420;
				LastUpgradeCheck = 1430;
				TargetAttributes = {
					49E2212629A75669008DF366 = {
						CreatedOnToolsVersion = 14.2;
					};
				};
			};
			buildConfigurationList = 49E2212229A75669008DF366 /* Build configuration list for PBXProject "nami companion" */;
			compatibilityVersion = "Xcode 14.0";
			developmentRegion = en;
			hasScannedForEncodings = 0;
			knownRegions = (
				en,
				Base,
				"en-US",
				nl,
			);
			mainGroup = 49E2211E29A75669008DF366;
			packageReferences = (
				49A1CC8D2A177BAB002F992B /* XCRemoteSwiftPackageReference "swift-protobuf" */,
				49F55A7C2A26FB5B00C31902 /* XCRemoteSwiftPackageReference "ISO8601MsecDecoder_iOS" */,
				492CD30C2AD5091200F4743D /* XCRemoteSwiftPackageReference "bottom-sheet" */,
			);
			productRefGroup = 49E2212829A75669008DF366 /* Products */;
			projectDirPath = "";
			projectRoot = "";
			targets = (
				49E2212629A75669008DF366 /* nami companion */,
			);
		};
/* End PBXProject section */

/* Begin PBXResourcesBuildPhase section */
		49E2212529A75669008DF366 /* Resources */ = {
			isa = PBXResourcesBuildPhase;
			buildActionMask = 2147483647;
			files = (
				49E2213329A7566B008DF366 /* Preview Assets.xcassets in Resources */,
				49E2212F29A7566B008DF366 /* Assets.xcassets in Resources */,
			);
			runOnlyForDeploymentPostprocessing = 0;
		};
/* End PBXResourcesBuildPhase section */

/* Begin PBXSourcesBuildPhase section */
		49E2212329A75669008DF366 /* Sources */ = {
			isa = PBXSourcesBuildPhase;
			buildActionMask = 2147483647;
			files = (
				49E2213F29A75C80008DF366 /* RootRouter.swift in Sources */,
				49E2213D29A758CC008DF366 /* SessionCodeViewModel.swift in Sources */,
				49E2214529A776A1008DF366 /* PlaceDevicesListViewModel.swift in Sources */,
				49E2215029A7A563008DF366 /* ErrorPresentationView.swift in Sources */,
				49E2214929A792AE008DF366 /* PlaceDevicesListView.swift in Sources */,
				49E2214B29A79C26008DF366 /* PairingManager.swift in Sources */,
				49E2214E29A7A332008DF366 /* ErrorPresentationViewModel.swift in Sources */,
				49E2212D29A75669008DF366 /* SessionCodeView.swift in Sources */,
				49E2212B29A75669008DF366 /* nami_companionApp.swift in Sources */,
			);
			runOnlyForDeploymentPostprocessing = 0;
		};
/* End PBXSourcesBuildPhase section */

/* Begin XCBuildConfiguration section */
		49E2213429A7566B008DF366 /* Debug */ = {
			isa = XCBuildConfiguration;
			buildSettings = {
				ALWAYS_SEARCH_USER_PATHS = NO;
				CLANG_ANALYZER_NONNULL = YES;
				CLANG_ANALYZER_NUMBER_OBJECT_CONVERSION = YES_AGGRESSIVE;
				CLANG_CXX_LANGUAGE_STANDARD = "gnu++20";
				CLANG_ENABLE_MODULES = YES;
				CLANG_ENABLE_OBJC_ARC = YES;
				CLANG_ENABLE_OBJC_WEAK = YES;
				CLANG_WARN_BLOCK_CAPTURE_AUTORELEASING = YES;
				CLANG_WARN_BOOL_CONVERSION = YES;
				CLANG_WARN_COMMA = YES;
				CLANG_WARN_CONSTANT_CONVERSION = YES;
				CLANG_WARN_DEPRECATED_OBJC_IMPLEMENTATIONS = YES;
				CLANG_WARN_DIRECT_OBJC_ISA_USAGE = YES_ERROR;
				CLANG_WARN_DOCUMENTATION_COMMENTS = YES;
				CLANG_WARN_EMPTY_BODY = YES;
				CLANG_WARN_ENUM_CONVERSION = YES;
				CLANG_WARN_INFINITE_RECURSION = YES;
				CLANG_WARN_INT_CONVERSION = YES;
				CLANG_WARN_NON_LITERAL_NULL_CONVERSION = YES;
				CLANG_WARN_OBJC_IMPLICIT_RETAIN_SELF = YES;
				CLANG_WARN_OBJC_LITERAL_CONVERSION = YES;
				CLANG_WARN_OBJC_ROOT_CLASS = YES_ERROR;
				CLANG_WARN_QUOTED_INCLUDE_IN_FRAMEWORK_HEADER = YES;
				CLANG_WARN_RANGE_LOOP_ANALYSIS = YES;
				CLANG_WARN_STRICT_PROTOTYPES = YES;
				CLANG_WARN_SUSPICIOUS_MOVE = YES;
				CLANG_WARN_UNGUARDED_AVAILABILITY = YES_AGGRESSIVE;
				CLANG_WARN_UNREACHABLE_CODE = YES;
				CLANG_WARN__DUPLICATE_METHOD_MATCH = YES;
				COPY_PHASE_STRIP = NO;
				DEAD_CODE_STRIPPING = YES;
				DEBUG_INFORMATION_FORMAT = dwarf;
				ENABLE_STRICT_OBJC_MSGSEND = YES;
				ENABLE_TESTABILITY = YES;
				GCC_C_LANGUAGE_STANDARD = gnu11;
				GCC_DYNAMIC_NO_PIC = NO;
				GCC_NO_COMMON_BLOCKS = YES;
				GCC_OPTIMIZATION_LEVEL = 0;
				GCC_PREPROCESSOR_DEFINITIONS = (
					"DEBUG=1",
					"$(inherited)",
				);
				GCC_WARN_64_TO_32_BIT_CONVERSION = YES;
				GCC_WARN_ABOUT_RETURN_TYPE = YES_ERROR;
				GCC_WARN_UNDECLARED_SELECTOR = YES;
				GCC_WARN_UNINITIALIZED_AUTOS = YES_AGGRESSIVE;
				GCC_WARN_UNUSED_FUNCTION = YES;
				GCC_WARN_UNUSED_VARIABLE = YES;
				MTL_ENABLE_DEBUG_INFO = INCLUDE_SOURCE;
				MTL_FAST_MATH = YES;
				ONLY_ACTIVE_ARCH = YES;
				SWIFT_ACTIVE_COMPILATION_CONDITIONS = DEBUG;
				SWIFT_OPTIMIZATION_LEVEL = "-Onone";
			};
			name = Debug;
		};
		49E2213529A7566B008DF366 /* Release */ = {
			isa = XCBuildConfiguration;
			buildSettings = {
				ALWAYS_SEARCH_USER_PATHS = NO;
				CLANG_ANALYZER_NONNULL = YES;
				CLANG_ANALYZER_NUMBER_OBJECT_CONVERSION = YES_AGGRESSIVE;
				CLANG_CXX_LANGUAGE_STANDARD = "gnu++20";
				CLANG_ENABLE_MODULES = YES;
				CLANG_ENABLE_OBJC_ARC = YES;
				CLANG_ENABLE_OBJC_WEAK = YES;
				CLANG_WARN_BLOCK_CAPTURE_AUTORELEASING = YES;
				CLANG_WARN_BOOL_CONVERSION = YES;
				CLANG_WARN_COMMA = YES;
				CLANG_WARN_CONSTANT_CONVERSION = YES;
				CLANG_WARN_DEPRECATED_OBJC_IMPLEMENTATIONS = YES;
				CLANG_WARN_DIRECT_OBJC_ISA_USAGE = YES_ERROR;
				CLANG_WARN_DOCUMENTATION_COMMENTS = YES;
				CLANG_WARN_EMPTY_BODY = YES;
				CLANG_WARN_ENUM_CONVERSION = YES;
				CLANG_WARN_INFINITE_RECURSION = YES;
				CLANG_WARN_INT_CONVERSION = YES;
				CLANG_WARN_NON_LITERAL_NULL_CONVERSION = YES;
				CLANG_WARN_OBJC_IMPLICIT_RETAIN_SELF = YES;
				CLANG_WARN_OBJC_LITERAL_CONVERSION = YES;
				CLANG_WARN_OBJC_ROOT_CLASS = YES_ERROR;
				CLANG_WARN_QUOTED_INCLUDE_IN_FRAMEWORK_HEADER = YES;
				CLANG_WARN_RANGE_LOOP_ANALYSIS = YES;
				CLANG_WARN_STRICT_PROTOTYPES = YES;
				CLANG_WARN_SUSPICIOUS_MOVE = YES;
				CLANG_WARN_UNGUARDED_AVAILABILITY = YES_AGGRESSIVE;
				CLANG_WARN_UNREACHABLE_CODE = YES;
				CLANG_WARN__DUPLICATE_METHOD_MATCH = YES;
				COPY_PHASE_STRIP = NO;
				DEAD_CODE_STRIPPING = YES;
				DEBUG_INFORMATION_FORMAT = "dwarf-with-dsym";
				ENABLE_NS_ASSERTIONS = NO;
				ENABLE_STRICT_OBJC_MSGSEND = YES;
				GCC_C_LANGUAGE_STANDARD = gnu11;
				GCC_NO_COMMON_BLOCKS = YES;
				GCC_WARN_64_TO_32_BIT_CONVERSION = YES;
				GCC_WARN_ABOUT_RETURN_TYPE = YES_ERROR;
				GCC_WARN_UNDECLARED_SELECTOR = YES;
				GCC_WARN_UNINITIALIZED_AUTOS = YES_AGGRESSIVE;
				GCC_WARN_UNUSED_FUNCTION = YES;
				GCC_WARN_UNUSED_VARIABLE = YES;
				MTL_ENABLE_DEBUG_INFO = NO;
				MTL_FAST_MATH = YES;
				SWIFT_COMPILATION_MODE = wholemodule;
				SWIFT_OPTIMIZATION_LEVEL = "-O";
			};
			name = Release;
		};
		49E2213729A7566B008DF366 /* Debug */ = {
			isa = XCBuildConfiguration;
			buildSettings = {
				ASSETCATALOG_COMPILER_APPICON_NAME = AppIcon;
				ASSETCATALOG_COMPILER_GLOBAL_ACCENT_COLOR_NAME = AccentColor;
				CODE_SIGN_ENTITLEMENTS = "nami companion/nami_companion.entitlements";
				CODE_SIGN_STYLE = Automatic;
				CURRENT_PROJECT_VERSION = 1;
				DEAD_CODE_STRIPPING = YES;
				DEVELOPMENT_ASSET_PATHS = "\"nami companion/Preview Content\"";
				DEVELOPMENT_TEAM = PTKKJUD9AS;
				ENABLE_HARDENED_RUNTIME = YES;
				"ENABLE_HARDENED_RUNTIME[sdk=macosx*]" = YES;
				ENABLE_PREVIEWS = YES;
				GENERATE_INFOPLIST_FILE = YES;
				INFOPLIST_FILE = "nami-companion-Info.plist";
				"INFOPLIST_KEY_UIApplicationSceneManifest_Generation[sdk=iphoneos*]" = YES;
				"INFOPLIST_KEY_UIApplicationSceneManifest_Generation[sdk=iphonesimulator*]" = YES;
				"INFOPLIST_KEY_UIApplicationSupportsIndirectInputEvents[sdk=iphoneos*]" = YES;
				"INFOPLIST_KEY_UIApplicationSupportsIndirectInputEvents[sdk=iphonesimulator*]" = YES;
				"INFOPLIST_KEY_UILaunchScreen_Generation[sdk=iphoneos*]" = YES;
				"INFOPLIST_KEY_UILaunchScreen_Generation[sdk=iphonesimulator*]" = YES;
				"INFOPLIST_KEY_UIStatusBarStyle[sdk=iphoneos*]" = UIStatusBarStyleDefault;
				"INFOPLIST_KEY_UIStatusBarStyle[sdk=iphonesimulator*]" = UIStatusBarStyleDefault;
				INFOPLIST_KEY_UISupportedInterfaceOrientations_iPad = "UIInterfaceOrientationPortrait UIInterfaceOrientationPortraitUpsideDown UIInterfaceOrientationLandscapeLeft UIInterfaceOrientationLandscapeRight";
				INFOPLIST_KEY_UISupportedInterfaceOrientations_iPhone = "UIInterfaceOrientationPortrait UIInterfaceOrientationLandscapeLeft UIInterfaceOrientationLandscapeRight";
				IPHONEOS_DEPLOYMENT_TARGET = 16.2;
				LD_RUNPATH_SEARCH_PATHS = "@executable_path/Frameworks";
				"LD_RUNPATH_SEARCH_PATHS[sdk=macosx*]" = "@executable_path/../Frameworks";
				MACOSX_DEPLOYMENT_TARGET = 13.1;
				MARKETING_VERSION = 1.0;
				PRODUCT_BUNDLE_IDENTIFIER = "ai.nami.nami-companion";
				PRODUCT_NAME = "$(TARGET_NAME)";
				SDKROOT = auto;
				SUPPORTED_PLATFORMS = "iphoneos iphonesimulator";
				SUPPORTS_MACCATALYST = NO;
				SUPPORTS_MAC_DESIGNED_FOR_IPHONE_IPAD = NO;
				SWIFT_EMIT_LOC_STRINGS = YES;
				SWIFT_VERSION = 5.0;
				TARGETED_DEVICE_FAMILY = "1,2";
			};
			name = Debug;
		};
		49E2213829A7566B008DF366 /* Release */ = {
			isa = XCBuildConfiguration;
			buildSettings = {
				ASSETCATALOG_COMPILER_APPICON_NAME = AppIcon;
				ASSETCATALOG_COMPILER_GLOBAL_ACCENT_COLOR_NAME = AccentColor;
				CODE_SIGN_ENTITLEMENTS = "nami companion/nami_companion.entitlements";
				CODE_SIGN_STYLE = Automatic;
				CURRENT_PROJECT_VERSION = 1;
				DEAD_CODE_STRIPPING = YES;
				DEVELOPMENT_ASSET_PATHS = "\"nami companion/Preview Content\"";
				DEVELOPMENT_TEAM = PTKKJUD9AS;
				ENABLE_HARDENED_RUNTIME = YES;
				"ENABLE_HARDENED_RUNTIME[sdk=macosx*]" = YES;
				ENABLE_PREVIEWS = YES;
				GENERATE_INFOPLIST_FILE = YES;
				INFOPLIST_FILE = "nami-companion-Info.plist";
				"INFOPLIST_KEY_UIApplicationSceneManifest_Generation[sdk=iphoneos*]" = YES;
				"INFOPLIST_KEY_UIApplicationSceneManifest_Generation[sdk=iphonesimulator*]" = YES;
				"INFOPLIST_KEY_UIApplicationSupportsIndirectInputEvents[sdk=iphoneos*]" = YES;
				"INFOPLIST_KEY_UIApplicationSupportsIndirectInputEvents[sdk=iphonesimulator*]" = YES;
				"INFOPLIST_KEY_UILaunchScreen_Generation[sdk=iphoneos*]" = YES;
				"INFOPLIST_KEY_UILaunchScreen_Generation[sdk=iphonesimulator*]" = YES;
				"INFOPLIST_KEY_UIStatusBarStyle[sdk=iphoneos*]" = UIStatusBarStyleDefault;
				"INFOPLIST_KEY_UIStatusBarStyle[sdk=iphonesimulator*]" = UIStatusBarStyleDefault;
				INFOPLIST_KEY_UISupportedInterfaceOrientations_iPad = "UIInterfaceOrientationPortrait UIInterfaceOrientationPortraitUpsideDown UIInterfaceOrientationLandscapeLeft UIInterfaceOrientationLandscapeRight";
				INFOPLIST_KEY_UISupportedInterfaceOrientations_iPhone = "UIInterfaceOrientationPortrait UIInterfaceOrientationLandscapeLeft UIInterfaceOrientationLandscapeRight";
				IPHONEOS_DEPLOYMENT_TARGET = 16.2;
				LD_RUNPATH_SEARCH_PATHS = "@executable_path/Frameworks";
				"LD_RUNPATH_SEARCH_PATHS[sdk=macosx*]" = "@executable_path/../Frameworks";
				MACOSX_DEPLOYMENT_TARGET = 13.1;
				MARKETING_VERSION = 1.0;
				PRODUCT_BUNDLE_IDENTIFIER = "ai.nami.nami-companion";
				PRODUCT_NAME = "$(TARGET_NAME)";
				SDKROOT = auto;
				SUPPORTED_PLATFORMS = "iphoneos iphonesimulator";
				SUPPORTS_MACCATALYST = NO;
				SUPPORTS_MAC_DESIGNED_FOR_IPHONE_IPAD = NO;
				SWIFT_EMIT_LOC_STRINGS = YES;
				SWIFT_VERSION = 5.0;
				TARGETED_DEVICE_FAMILY = "1,2";
			};
			name = Release;
		};
/* End XCBuildConfiguration section */

/* Begin XCConfigurationList section */
		49E2212229A75669008DF366 /* Build configuration list for PBXProject "nami companion" */ = {
			isa = XCConfigurationList;
			buildConfigurations = (
				49E2213429A7566B008DF366 /* Debug */,
				49E2213529A7566B008DF366 /* Release */,
			);
			defaultConfigurationIsVisible = 0;
			defaultConfigurationName = Release;
		};
		49E2213629A7566B008DF366 /* Build configuration list for PBXNativeTarget "nami companion" */ = {
			isa = XCConfigurationList;
			buildConfigurations = (
				49E2213729A7566B008DF366 /* Debug */,
				49E2213829A7566B008DF366 /* Release */,
			);
			defaultConfigurationIsVisible = 0;
			defaultConfigurationName = Release;
		};
/* End XCConfigurationList section */

/* Begin XCRemoteSwiftPackageReference section */
		492CD30C2AD5091200F4743D /* XCRemoteSwiftPackageReference "bottom-sheet" */ = {
			isa = XCRemoteSwiftPackageReference;
			repositoryURL = "https://github.com/weitieda/bottom-sheet";
			requirement = {
				kind = upToNextMajorVersion;
				minimumVersion = 1.0.8;
			};
		};
		49A1CC8D2A177BAB002F992B /* XCRemoteSwiftPackageReference "swift-protobuf" */ = {
			isa = XCRemoteSwiftPackageReference;
			repositoryURL = "https://github.com/apple/swift-protobuf.git";
			requirement = {
				kind = upToNextMajorVersion;
				minimumVersion = 1.0.0;
			};
		};
		49F55A7C2A26FB5B00C31902 /* XCRemoteSwiftPackageReference "ISO8601MsecDecoder_iOS" */ = {
			isa = XCRemoteSwiftPackageReference;
			repositoryURL = "https://github.com/namiai/ISO8601MsecDecoder_iOS";
			requirement = {
				branch = main;
				kind = branch;
			};
		};
/* End XCRemoteSwiftPackageReference section */

/* Begin XCSwiftPackageProductDependency section */
		492CD30D2AD5091200F4743D /* BottomSheet */ = {
			isa = XCSwiftPackageProductDependency;
			package = 492CD30C2AD5091200F4743D /* XCRemoteSwiftPackageReference "bottom-sheet" */;
			productName = BottomSheet;
		};
		49A1CC8E2A177BAB002F992B /* SwiftProtobuf */ = {
			isa = XCSwiftPackageProductDependency;
			package = 49A1CC8D2A177BAB002F992B /* XCRemoteSwiftPackageReference "swift-protobuf" */;
			productName = SwiftProtobuf;
		};
		49F55A7D2A26FB5B00C31902 /* ISO8601MsecDecoder */ = {
			isa = XCSwiftPackageProductDependency;
			package = 49F55A7C2A26FB5B00C31902 /* XCRemoteSwiftPackageReference "ISO8601MsecDecoder_iOS" */;
			productName = ISO8601MsecDecoder;
		};
/* End XCSwiftPackageProductDependency section */
	};
	rootObject = 49E2211F29A75669008DF366 /* Project object */;
}
