{
  "originHash" : "fb0c43a81631860535d2ea27b800475be658fa811fd71a62b225bef52ec14877",
  "pins" : [
    {
      "identity" : "lottie-spm",
      "kind" : "remoteSourceControl",
      "location" : "https://github.com/airbnb/lottie-spm.git",
      "state" : {
        "revision" : "1d29eccc24cc8b75bff9f6804155112c0ffc9605",
        "version" : "4.4.3"
      }
    },
    {
      "identity" : "namipairing_ios",
      "kind" : "remoteSourceControl",
      "location" : "https://github.com/namiai/NamiPairing_iOS.git",
      "state" : {
        "revision" : "88c5dd4e426471eaccff9754ebf55f1783d3046f"
      }
    }
  ],
  "version" : 3
}
