{
  "originHash" : "7b6abc1e4363a16d0a2dbb082430c7efb21b749a8231feb45dcbb2935efd0cde",
  "pins" : [
    {
      "identity" : "lottie-spm",
      "kind" : "remoteSourceControl",
      "location" : "https://github.com/airbnb/lottie-spm.git",
      "state" : {
        "revision" : "1d29eccc24cc8b75bff9f6804155112c0ffc9605",
        "version" : "4.4.3"
      }
    },
    {
      "identity" : "namipairing_ios",
      "kind" : "remoteSourceControl",
      "location" : "git@github.com:namiai/NamiPairing_iOS.git",
      "state" : {
        "revision" : "30917729ddab16a78a79e0e415a4c82513366da7",
        "version" : "3.0.0"
      }
    }
  ],
  "version" : 3
}
